// !$*UTF8*$!
{
	archiveVersion = 1;
	classes = {
	};
	objectVersion = 56;
	objects = {

/* Begin PBXBuildFile section */
		FB173E002B5EA900004DF7B1 /* RatingScreenView.swift in Sources */ = {isa = PBXBuildFile; fileRef = FB173DFF2B5EA900004DF7B1 /* RatingScreenView.swift */; };
		FB173E022B5EA90C004DF7B1 /* RatingScreenViewModel.swift in Sources */ = {isa = PBXBuildFile; fileRef = FB173E012B5EA90C004DF7B1 /* RatingScreenViewModel.swift */; };
		FB173E042B5EB42B004DF7B1 /* ReleaseScreenView.swift in Sources */ = {isa = PBXBuildFile; fileRef = FB173E032B5EB42B004DF7B1 /* ReleaseScreenView.swift */; };
		FB173E062B5EB437004DF7B1 /* ReleaseScreenViewModel.swift in Sources */ = {isa = PBXBuildFile; fileRef = FB173E052B5EB437004DF7B1 /* ReleaseScreenViewModel.swift */; };
		FB173E082B5EB5CF004DF7B1 /* NameScreenView.swift in Sources */ = {isa = PBXBuildFile; fileRef = FB173E072B5EB5CF004DF7B1 /* NameScreenView.swift */; };
		FB173E0A2B5EB5DB004DF7B1 /* NameScreenViewModel.swift in Sources */ = {isa = PBXBuildFile; fileRef = FB173E092B5EB5DB004DF7B1 /* NameScreenViewModel.swift */; };
		FB173E0C2B5EB974004DF7B1 /* YoutubeScreenView.swift in Sources */ = {isa = PBXBuildFile; fileRef = FB173E0B2B5EB974004DF7B1 /* YoutubeScreenView.swift */; };
		FB173E0E2B5EB983004DF7B1 /* YoutubeScreenViewModel.swift in Sources */ = {isa = PBXBuildFile; fileRef = FB173E0D2B5EB983004DF7B1 /* YoutubeScreenViewModel.swift */; };
		FB1BE2A42B5A7EC600EE9350 /* Extension.swift in Sources */ = {isa = PBXBuildFile; fileRef = FB1BE2A32B5A7EC600EE9350 /* Extension.swift */; };
		FB1BE2A72B5A7FB100EE9350 /* MainView.swift in Sources */ = {isa = PBXBuildFile; fileRef = FB1BE2A62B5A7FB100EE9350 /* MainView.swift */; };
		FB1BE2A92B5A7FC300EE9350 /* DefaultMainViewModel.swift in Sources */ = {isa = PBXBuildFile; fileRef = FB1BE2A82B5A7FC300EE9350 /* DefaultMainViewModel.swift */; };
		FB1BE2AB2B5A8A1200EE9350 /* MainViewCell.swift in Sources */ = {isa = PBXBuildFile; fileRef = FB1BE2AA2B5A8A1200EE9350 /* MainViewCell.swift */; };
		FB87D1F72B5AAC0C00541723 /* CoreDataManager.swift in Sources */ = {isa = PBXBuildFile; fileRef = FB87D1F62B5AAC0C00541723 /* CoreDataManager.swift */; };
		FB87D1FD2B5B0DBE00541723 /* AddMovieView.swift in Sources */ = {isa = PBXBuildFile; fileRef = FB87D1FC2B5B0DBE00541723 /* AddMovieView.swift */; };
		FB87D1FF2B5B0DD700541723 /* AddMovieViewModel.swift in Sources */ = {isa = PBXBuildFile; fileRef = FB87D1FE2B5B0DD700541723 /* AddMovieViewModel.swift */; };
		FB942B7B2B5A7B99004DC167 /* AppDelegate.swift in Sources */ = {isa = PBXBuildFile; fileRef = FB942B7A2B5A7B99004DC167 /* AppDelegate.swift */; };
		FB942B7D2B5A7B99004DC167 /* SceneDelegate.swift in Sources */ = {isa = PBXBuildFile; fileRef = FB942B7C2B5A7B99004DC167 /* SceneDelegate.swift */; };
		FB942B7F2B5A7B99004DC167 /* ViewController.swift in Sources */ = {isa = PBXBuildFile; fileRef = FB942B7E2B5A7B99004DC167 /* ViewController.swift */; };
		FB942B852B5A7B99004DC167 /* MovieSaver.xcdatamodeld in Sources */ = {isa = PBXBuildFile; fileRef = FB942B832B5A7B99004DC167 /* MovieSaver.xcdatamodeld */; };
		FB942B872B5A7B9B004DC167 /* Assets.xcassets in Resources */ = {isa = PBXBuildFile; fileRef = FB942B862B5A7B9B004DC167 /* Assets.xcassets */; };
		FB942B8A2B5A7B9B004DC167 /* LaunchScreen.storyboard in Resources */ = {isa = PBXBuildFile; fileRef = FB942B882B5A7B9B004DC167 /* LaunchScreen.storyboard */; };
		FBC4F3292B5AA23400D8E98A /* manrope-light.ttf in Resources */ = {isa = PBXBuildFile; fileRef = FBC4F3232B5AA23400D8E98A /* manrope-light.ttf */; };
		FBC4F32A2B5AA23400D8E98A /* manrope-thin.ttf in Resources */ = {isa = PBXBuildFile; fileRef = FBC4F3242B5AA23400D8E98A /* manrope-thin.ttf */; };
		FBC4F32B2B5AA23400D8E98A /* manrope-medium.ttf in Resources */ = {isa = PBXBuildFile; fileRef = FBC4F3252B5AA23400D8E98A /* manrope-medium.ttf */; };
		FBC4F32C2B5AA23400D8E98A /* manrope-bold.ttf in Resources */ = {isa = PBXBuildFile; fileRef = FBC4F3262B5AA23400D8E98A /* manrope-bold.ttf */; };
		FBC4F32D2B5AA23400D8E98A /* manrope-semibold.ttf in Resources */ = {isa = PBXBuildFile; fileRef = FBC4F3272B5AA23400D8E98A /* manrope-semibold.ttf */; };
		FBC4F32E2B5AA23400D8E98A /* manrope-regular.ttf in Resources */ = {isa = PBXBuildFile; fileRef = FBC4F3282B5AA23400D8E98A /* manrope-regular.ttf */; };
/* End PBXBuildFile section */

/* Begin PBXFileReference section */
		FB173DFF2B5EA900004DF7B1 /* RatingScreenView.swift */ = {isa = PBXFileReference; lastKnownFileType = sourcecode.swift; path = RatingScreenView.swift; sourceTree = "<group>"; };
		FB173E012B5EA90C004DF7B1 /* RatingScreenViewModel.swift */ = {isa = PBXFileReference; lastKnownFileType = sourcecode.swift; path = RatingScreenViewModel.swift; sourceTree = "<group>"; };
		FB173E032B5EB42B004DF7B1 /* ReleaseScreenView.swift */ = {isa = PBXFileReference; lastKnownFileType = sourcecode.swift; path = ReleaseScreenView.swift; sourceTree = "<group>"; };
		FB173E052B5EB437004DF7B1 /* ReleaseScreenViewModel.swift */ = {isa = PBXFileReference; lastKnownFileType = sourcecode.swift; path = ReleaseScreenViewModel.swift; sourceTree = "<group>"; };
		FB173E072B5EB5CF004DF7B1 /* NameScreenView.swift */ = {isa = PBXFileReference; lastKnownFileType = sourcecode.swift; path = NameScreenView.swift; sourceTree = "<group>"; };
		FB173E092B5EB5DB004DF7B1 /* NameScreenViewModel.swift */ = {isa = PBXFileReference; lastKnownFileType = sourcecode.swift; path = NameScreenViewModel.swift; sourceTree = "<group>"; };
		FB173E0B2B5EB974004DF7B1 /* YoutubeScreenView.swift */ = {isa = PBXFileReference; lastKnownFileType = sourcecode.swift; path = YoutubeScreenView.swift; sourceTree = "<group>"; };
		FB173E0D2B5EB983004DF7B1 /* YoutubeScreenViewModel.swift */ = {isa = PBXFileReference; lastKnownFileType = sourcecode.swift; path = YoutubeScreenViewModel.swift; sourceTree = "<group>"; };
		FB1BE2A32B5A7EC600EE9350 /* Extension.swift */ = {isa = PBXFileReference; lastKnownFileType = sourcecode.swift; path = Extension.swift; sourceTree = "<group>"; };
		FB1BE2A62B5A7FB100EE9350 /* MainView.swift */ = {isa = PBXFileReference; lastKnownFileType = sourcecode.swift; path = MainView.swift; sourceTree = "<group>"; };
		FB1BE2A82B5A7FC300EE9350 /* DefaultMainViewModel.swift */ = {isa = PBXFileReference; lastKnownFileType = sourcecode.swift; path = DefaultMainViewModel.swift; sourceTree = "<group>"; };
		FB1BE2AA2B5A8A1200EE9350 /* MainViewCell.swift */ = {isa = PBXFileReference; lastKnownFileType = sourcecode.swift; path = MainViewCell.swift; sourceTree = "<group>"; };
		FB87D1F62B5AAC0C00541723 /* CoreDataManager.swift */ = {isa = PBXFileReference; lastKnownFileType = sourcecode.swift; path = CoreDataManager.swift; sourceTree = "<group>"; };
		FB87D1FC2B5B0DBE00541723 /* AddMovieView.swift */ = {isa = PBXFileReference; lastKnownFileType = sourcecode.swift; path = AddMovieView.swift; sourceTree = "<group>"; };
		FB87D1FE2B5B0DD700541723 /* AddMovieViewModel.swift */ = {isa = PBXFileReference; lastKnownFileType = sourcecode.swift; path = AddMovieViewModel.swift; sourceTree = "<group>"; };
		FB942B772B5A7B99004DC167 /* MovieSaver.app */ = {isa = PBXFileReference; explicitFileType = wrapper.application; includeInIndex = 0; path = MovieSaver.app; sourceTree = BUILT_PRODUCTS_DIR; };
		FB942B7A2B5A7B99004DC167 /* AppDelegate.swift */ = {isa = PBXFileReference; lastKnownFileType = sourcecode.swift; path = AppDelegate.swift; sourceTree = "<group>"; };
		FB942B7C2B5A7B99004DC167 /* SceneDelegate.swift */ = {isa = PBXFileReference; lastKnownFileType = sourcecode.swift; path = SceneDelegate.swift; sourceTree = "<group>"; };
		FB942B7E2B5A7B99004DC167 /* ViewController.swift */ = {isa = PBXFileReference; lastKnownFileType = sourcecode.swift; path = ViewController.swift; sourceTree = "<group>"; };
		FB942B842B5A7B99004DC167 /* MovieSaver.xcdatamodel */ = {isa = PBXFileReference; lastKnownFileType = wrapper.xcdatamodel; path = MovieSaver.xcdatamodel; sourceTree = "<group>"; };
		FB942B862B5A7B9B004DC167 /* Assets.xcassets */ = {isa = PBXFileReference; lastKnownFileType = folder.assetcatalog; path = Assets.xcassets; sourceTree = "<group>"; };
		FB942B892B5A7B9B004DC167 /* Base */ = {isa = PBXFileReference; lastKnownFileType = file.storyboard; name = Base; path = Base.lproj/LaunchScreen.storyboard; sourceTree = "<group>"; };
		FB942B8B2B5A7B9B004DC167 /* Info.plist */ = {isa = PBXFileReference; lastKnownFileType = text.plist.xml; path = Info.plist; sourceTree = "<group>"; };
		FBC4F3232B5AA23400D8E98A /* manrope-light.ttf */ = {isa = PBXFileReference; lastKnownFileType = file; path = "manrope-light.ttf"; sourceTree = "<group>"; };
		FBC4F3242B5AA23400D8E98A /* manrope-thin.ttf */ = {isa = PBXFileReference; lastKnownFileType = file; path = "manrope-thin.ttf"; sourceTree = "<group>"; };
		FBC4F3252B5AA23400D8E98A /* manrope-medium.ttf */ = {isa = PBXFileReference; lastKnownFileType = file; path = "manrope-medium.ttf"; sourceTree = "<group>"; };
		FBC4F3262B5AA23400D8E98A /* manrope-bold.ttf */ = {isa = PBXFileReference; lastKnownFileType = file; path = "manrope-bold.ttf"; sourceTree = "<group>"; };
		FBC4F3272B5AA23400D8E98A /* manrope-semibold.ttf */ = {isa = PBXFileReference; lastKnownFileType = file; path = "manrope-semibold.ttf"; sourceTree = "<group>"; };
		FBC4F3282B5AA23400D8E98A /* manrope-regular.ttf */ = {isa = PBXFileReference; lastKnownFileType = file; path = "manrope-regular.ttf"; sourceTree = "<group>"; };
/* End PBXFileReference section */

/* Begin PBXFrameworksBuildPhase section */
		FB942B742B5A7B99004DC167 /* Frameworks */ = {
			isa = PBXFrameworksBuildPhase;
			buildActionMask = 2147483647;
			files = (
			);
			runOnlyForDeploymentPostprocessing = 0;
		};
/* End PBXFrameworksBuildPhase section */

/* Begin PBXGroup section */
		FB01FCD02B61870B000863D7 /* Rating */ = {
			isa = PBXGroup;
			children = (
				FB173DFF2B5EA900004DF7B1 /* RatingScreenView.swift */,
				FB173E012B5EA90C004DF7B1 /* RatingScreenViewModel.swift */,
			);
			path = Rating;
			sourceTree = "<group>";
		};
		FB01FCD12B618719000863D7 /* Release */ = {
			isa = PBXGroup;
			children = (
				FB173E032B5EB42B004DF7B1 /* ReleaseScreenView.swift */,
				FB173E052B5EB437004DF7B1 /* ReleaseScreenViewModel.swift */,
			);
			path = Release;
			sourceTree = "<group>";
		};
		FB01FCD22B618724000863D7 /* Name */ = {
			isa = PBXGroup;
			children = (
				FB173E072B5EB5CF004DF7B1 /* NameScreenView.swift */,
				FB173E092B5EB5DB004DF7B1 /* NameScreenViewModel.swift */,
			);
			path = Name;
			sourceTree = "<group>";
		};
		FB01FCD32B61872F000863D7 /* Youtube */ = {
			isa = PBXGroup;
			children = (
				FB173E0B2B5EB974004DF7B1 /* YoutubeScreenView.swift */,
				FB173E0D2B5EB983004DF7B1 /* YoutubeScreenViewModel.swift */,
			);
			path = Youtube;
			sourceTree = "<group>";
		};
		FB173DFE2B5EA8DC004DF7B1 /* Changes */ = {
			isa = PBXGroup;
			children = (
				FB01FCD32B61872F000863D7 /* Youtube */,
				FB01FCD22B618724000863D7 /* Name */,
				FB01FCD12B618719000863D7 /* Release */,
				FB01FCD02B61870B000863D7 /* Rating */,
			);
			path = Changes;
			sourceTree = "<group>";
		};
		FB1BE2A52B5A7F8E00EE9350 /* MAIN SCREEN */ = {
			isa = PBXGroup;
			children = (
				FB1BE2A62B5A7FB100EE9350 /* MainView.swift */,
				FB1BE2A82B5A7FC300EE9350 /* DefaultMainViewModel.swift */,
				FB1BE2AA2B5A8A1200EE9350 /* MainViewCell.swift */,
			);
			path = "MAIN SCREEN";
			sourceTree = "<group>";
		};
		FB87D1F82B5ABF2A00541723 /* EXTENSIONS */ = {
			isa = PBXGroup;
			children = (
				FB1BE2A32B5A7EC600EE9350 /* Extension.swift */,
			);
			path = EXTENSIONS;
			sourceTree = "<group>";
		};
		FB87D1F92B5ABF3C00541723 /* CORE DATA */ = {
			isa = PBXGroup;
			children = (
				FB942B832B5A7B99004DC167 /* MovieSaver.xcdatamodeld */,
				FB87D1F62B5AAC0C00541723 /* CoreDataManager.swift */,
			);
			path = "CORE DATA";
			sourceTree = "<group>";
		};
		FB87D1FA2B5ABF7600541723 /* APPLICATION */ = {
			isa = PBXGroup;
			children = (
				FB942B882B5A7B9B004DC167 /* LaunchScreen.storyboard */,
				FB942B7A2B5A7B99004DC167 /* AppDelegate.swift */,
				FB942B7C2B5A7B99004DC167 /* SceneDelegate.swift */,
				FB942B7E2B5A7B99004DC167 /* ViewController.swift */,
			);
			path = APPLICATION;
			sourceTree = "<group>";
		};
		FB87D1FB2B5B0D9900541723 /* ADD SCREEN */ = {
			isa = PBXGroup;
			children = (
				FB87D1FC2B5B0DBE00541723 /* AddMovieView.swift */,
				FB87D1FE2B5B0DD700541723 /* AddMovieViewModel.swift */,
				FB173DFE2B5EA8DC004DF7B1 /* Changes */,
			);
			path = "ADD SCREEN";
			sourceTree = "<group>";
		};
		FB942B6E2B5A7B99004DC167 = {
			isa = PBXGroup;
			children = (
				FB942B792B5A7B99004DC167 /* MovieSaver */,
				FB942B782B5A7B99004DC167 /* Products */,
			);
			sourceTree = "<group>";
		};
		FB942B782B5A7B99004DC167 /* Products */ = {
			isa = PBXGroup;
			children = (
				FB942B772B5A7B99004DC167 /* MovieSaver.app */,
			);
			name = Products;
			sourceTree = "<group>";
		};
		FB942B792B5A7B99004DC167 /* MovieSaver */ = {
			isa = PBXGroup;
			children = (
				FB87D1FA2B5ABF7600541723 /* APPLICATION */,
				FB1BE2A52B5A7F8E00EE9350 /* MAIN SCREEN */,
				FB87D1FB2B5B0D9900541723 /* ADD SCREEN */,
				FB87D1F92B5ABF3C00541723 /* CORE DATA */,
				FB87D1F82B5ABF2A00541723 /* EXTENSIONS */,
				FB942B862B5A7B9B004DC167 /* Assets.xcassets */,
				FBC4F3222B5AA22600D8E98A /* Fonts */,
				FB942B8B2B5A7B9B004DC167 /* Info.plist */,
			);
			path = MovieSaver;
			sourceTree = "<group>";
		};
		FBC4F3222B5AA22600D8E98A /* Fonts */ = {
			isa = PBXGroup;
			children = (
				FBC4F3262B5AA23400D8E98A /* manrope-bold.ttf */,
				FBC4F3232B5AA23400D8E98A /* manrope-light.ttf */,
				FBC4F3252B5AA23400D8E98A /* manrope-medium.ttf */,
				FBC4F3282B5AA23400D8E98A /* manrope-regular.ttf */,
				FBC4F3272B5AA23400D8E98A /* manrope-semibold.ttf */,
				FBC4F3242B5AA23400D8E98A /* manrope-thin.ttf */,
			);
			path = Fonts;
			sourceTree = "<group>";
		};
/* End PBXGroup section */

/* Begin PBXNativeTarget section */
		FB942B762B5A7B99004DC167 /* MovieSaver */ = {
			isa = PBXNativeTarget;
			buildConfigurationList = FB942B8E2B5A7B9B004DC167 /* Build configuration list for PBXNativeTarget "MovieSaver" */;
			buildPhases = (
				FB942B732B5A7B99004DC167 /* Sources */,
				FB942B742B5A7B99004DC167 /* Frameworks */,
				FB942B752B5A7B99004DC167 /* Resources */,
			);
			buildRules = (
			);
			dependencies = (
			);
			name = MovieSaver;
			productName = MovieSaver;
			productReference = FB942B772B5A7B99004DC167 /* MovieSaver.app */;
			productType = "com.apple.product-type.application";
		};
/* End PBXNativeTarget section */

/* Begin PBXProject section */
		FB942B6F2B5A7B99004DC167 /* Project object */ = {
			isa = PBXProject;
			attributes = {
				BuildIndependentTargetsInParallel = 1;
				LastSwiftUpdateCheck = 1510;
				LastUpgradeCheck = 1510;
				TargetAttributes = {
					FB942B762B5A7B99004DC167 = {
						CreatedOnToolsVersion = 15.1;
					};
				};
			};
			buildConfigurationList = FB942B722B5A7B99004DC167 /* Build configuration list for PBXProject "MovieSaver" */;
			compatibilityVersion = "Xcode 14.0";
			developmentRegion = en;
			hasScannedForEncodings = 0;
			knownRegions = (
				en,
				Base,
			);
			mainGroup = FB942B6E2B5A7B99004DC167;
			productRefGroup = FB942B782B5A7B99004DC167 /* Products */;
			projectDirPath = "";
			projectRoot = "";
			targets = (
				FB942B762B5A7B99004DC167 /* MovieSaver */,
			);
		};
/* End PBXProject section */

/* Begin PBXResourcesBuildPhase section */
		FB942B752B5A7B99004DC167 /* Resources */ = {
			isa = PBXResourcesBuildPhase;
			buildActionMask = 2147483647;
			files = (
				FBC4F32B2B5AA23400D8E98A /* manrope-medium.ttf in Resources */,
				FBC4F32E2B5AA23400D8E98A /* manrope-regular.ttf in Resources */,
				FBC4F3292B5AA23400D8E98A /* manrope-light.ttf in Resources */,
				FBC4F32C2B5AA23400D8E98A /* manrope-bold.ttf in Resources */,
				FB942B8A2B5A7B9B004DC167 /* LaunchScreen.storyboard in Resources */,
				FB942B872B5A7B9B004DC167 /* Assets.xcassets in Resources */,
				FBC4F32A2B5AA23400D8E98A /* manrope-thin.ttf in Resources */,
				FBC4F32D2B5AA23400D8E98A /* manrope-semibold.ttf in Resources */,
			);
			runOnlyForDeploymentPostprocessing = 0;
		};
/* End PBXResourcesBuildPhase section */

/* Begin PBXSourcesBuildPhase section */
		FB942B732B5A7B99004DC167 /* Sources */ = {
			isa = PBXSourcesBuildPhase;
			buildActionMask = 2147483647;
			files = (
				FB1BE2A92B5A7FC300EE9350 /* DefaultMainViewModel.swift in Sources */,
				FB1BE2A42B5A7EC600EE9350 /* Extension.swift in Sources */,
				FB173E062B5EB437004DF7B1 /* ReleaseScreenViewModel.swift in Sources */,
				FB1BE2A72B5A7FB100EE9350 /* MainView.swift in Sources */,
				FB942B852B5A7B99004DC167 /* MovieSaver.xcdatamodeld in Sources */,
				FB87D1FD2B5B0DBE00541723 /* AddMovieView.swift in Sources */,
				FB173E002B5EA900004DF7B1 /* RatingScreenView.swift in Sources */,
				FB942B7F2B5A7B99004DC167 /* ViewController.swift in Sources */,
				FB1BE2AB2B5A8A1200EE9350 /* MainViewCell.swift in Sources */,
				FB173E0E2B5EB983004DF7B1 /* YoutubeScreenViewModel.swift in Sources */,
				FB173E0A2B5EB5DB004DF7B1 /* NameScreenViewModel.swift in Sources */,
				FB87D1F72B5AAC0C00541723 /* CoreDataManager.swift in Sources */,
				FB87D1FF2B5B0DD700541723 /* AddMovieViewModel.swift in Sources */,
				FB173E082B5EB5CF004DF7B1 /* NameScreenView.swift in Sources */,
				FB173E042B5EB42B004DF7B1 /* ReleaseScreenView.swift in Sources */,
				FB173E0C2B5EB974004DF7B1 /* YoutubeScreenView.swift in Sources */,
				FB942B7B2B5A7B99004DC167 /* AppDelegate.swift in Sources */,
				FB942B7D2B5A7B99004DC167 /* SceneDelegate.swift in Sources */,
				FB173E022B5EA90C004DF7B1 /* RatingScreenViewModel.swift in Sources */,
			);
			runOnlyForDeploymentPostprocessing = 0;
		};
/* End PBXSourcesBuildPhase section */

/* Begin PBXVariantGroup section */
		FB942B882B5A7B9B004DC167 /* LaunchScreen.storyboard */ = {
			isa = PBXVariantGroup;
			children = (
				FB942B892B5A7B9B004DC167 /* Base */,
			);
			name = LaunchScreen.storyboard;
			sourceTree = "<group>";
		};
/* End PBXVariantGroup section */

/* Begin XCBuildConfiguration section */
		FB942B8C2B5A7B9B004DC167 /* Debug */ = {
			isa = XCBuildConfiguration;
			buildSettings = {
				ALWAYS_SEARCH_USER_PATHS = NO;
				ASSETCATALOG_COMPILER_GENERATE_SWIFT_ASSET_SYMBOL_EXTENSIONS = YES;
				CLANG_ANALYZER_NONNULL = YES;
				CLANG_ANALYZER_NUMBER_OBJECT_CONVERSION = YES_AGGRESSIVE;
				CLANG_CXX_LANGUAGE_STANDARD = "gnu++20";
				CLANG_ENABLE_MODULES = YES;
				CLANG_ENABLE_OBJC_ARC = YES;
				CLANG_ENABLE_OBJC_WEAK = YES;
				CLANG_WARN_BLOCK_CAPTURE_AUTORELEASING = YES;
				CLANG_WARN_BOOL_CONVERSION = YES;
				CLANG_WARN_COMMA = YES;
				CLANG_WARN_CONSTANT_CONVERSION = YES;
				CLANG_WARN_DEPRECATED_OBJC_IMPLEMENTATIONS = YES;
				CLANG_WARN_DIRECT_OBJC_ISA_USAGE = YES_ERROR;
				CLANG_WARN_DOCUMENTATION_COMMENTS = YES;
				CLANG_WARN_EMPTY_BODY = YES;
				CLANG_WARN_ENUM_CONVERSION = YES;
				CLANG_WARN_INFINITE_RECURSION = YES;
				CLANG_WARN_INT_CONVERSION = YES;
				CLANG_WARN_NON_LITERAL_NULL_CONVERSION = YES;
				CLANG_WARN_OBJC_IMPLICIT_RETAIN_SELF = YES;
				CLANG_WARN_OBJC_LITERAL_CONVERSION = YES;
				CLANG_WARN_OBJC_ROOT_CLASS = YES_ERROR;
				CLANG_WARN_QUOTED_INCLUDE_IN_FRAMEWORK_HEADER = YES;
				CLANG_WARN_RANGE_LOOP_ANALYSIS = YES;
				CLANG_WARN_STRICT_PROTOTYPES = YES;
				CLANG_WARN_SUSPICIOUS_MOVE = YES;
				CLANG_WARN_UNGUARDED_AVAILABILITY = YES_AGGRESSIVE;
				CLANG_WARN_UNREACHABLE_CODE = YES;
				CLANG_WARN__DUPLICATE_METHOD_MATCH = YES;
				COPY_PHASE_STRIP = NO;
				DEBUG_INFORMATION_FORMAT = dwarf;
				ENABLE_STRICT_OBJC_MSGSEND = YES;
				ENABLE_TESTABILITY = YES;
				ENABLE_USER_SCRIPT_SANDBOXING = YES;
				GCC_C_LANGUAGE_STANDARD = gnu17;
				GCC_DYNAMIC_NO_PIC = NO;
				GCC_NO_COMMON_BLOCKS = YES;
				GCC_OPTIMIZATION_LEVEL = 0;
				GCC_PREPROCESSOR_DEFINITIONS = (
					"DEBUG=1",
					"$(inherited)",
				);
				GCC_WARN_64_TO_32_BIT_CONVERSION = YES;
				GCC_WARN_ABOUT_RETURN_TYPE = YES_ERROR;
				GCC_WARN_UNDECLARED_SELECTOR = YES;
				GCC_WARN_UNINITIALIZED_AUTOS = YES_AGGRESSIVE;
				GCC_WARN_UNUSED_FUNCTION = YES;
				GCC_WARN_UNUSED_VARIABLE = YES;
				IPHONEOS_DEPLOYMENT_TARGET = 17.2;
				LOCALIZATION_PREFERS_STRING_CATALOGS = YES;
				MTL_ENABLE_DEBUG_INFO = INCLUDE_SOURCE;
				MTL_FAST_MATH = YES;
				ONLY_ACTIVE_ARCH = YES;
				SDKROOT = iphoneos;
				SWIFT_ACTIVE_COMPILATION_CONDITIONS = "DEBUG $(inherited)";
				SWIFT_OPTIMIZATION_LEVEL = "-Onone";
			};
			name = Debug;
		};
		FB942B8D2B5A7B9B004DC167 /* Release */ = {
			isa = XCBuildConfiguration;
			buildSettings = {
				ALWAYS_SEARCH_USER_PATHS = NO;
				ASSETCATALOG_COMPILER_GENERATE_SWIFT_ASSET_SYMBOL_EXTENSIONS = YES;
				CLANG_ANALYZER_NONNULL = YES;
				CLANG_ANALYZER_NUMBER_OBJECT_CONVERSION = YES_AGGRESSIVE;
				CLANG_CXX_LANGUAGE_STANDARD = "gnu++20";
				CLANG_ENABLE_MODULES = YES;
				CLANG_ENABLE_OBJC_ARC = YES;
				CLANG_ENABLE_OBJC_WEAK = YES;
				CLANG_WARN_BLOCK_CAPTURE_AUTORELEASING = YES;
				CLANG_WARN_BOOL_CONVERSION = YES;
				CLANG_WARN_COMMA = YES;
				CLANG_WARN_CONSTANT_CONVERSION = YES;
				CLANG_WARN_DEPRECATED_OBJC_IMPLEMENTATIONS = YES;
				CLANG_WARN_DIRECT_OBJC_ISA_USAGE = YES_ERROR;
				CLANG_WARN_DOCUMENTATION_COMMENTS = YES;
				CLANG_WARN_EMPTY_BODY = YES;
				CLANG_WARN_ENUM_CONVERSION = YES;
				CLANG_WARN_INFINITE_RECURSION = YES;
				CLANG_WARN_INT_CONVERSION = YES;
				CLANG_WARN_NON_LITERAL_NULL_CONVERSION = YES;
				CLANG_WARN_OBJC_IMPLICIT_RETAIN_SELF = YES;
				CLANG_WARN_OBJC_LITERAL_CONVERSION = YES;
				CLANG_WARN_OBJC_ROOT_CLASS = YES_ERROR;
				CLANG_WARN_QUOTED_INCLUDE_IN_FRAMEWORK_HEADER = YES;
				CLANG_WARN_RANGE_LOOP_ANALYSIS = YES;
				CLANG_WARN_STRICT_PROTOTYPES = YES;
				CLANG_WARN_SUSPICIOUS_MOVE = YES;
				CLANG_WARN_UNGUARDED_AVAILABILITY = YES_AGGRESSIVE;
				CLANG_WARN_UNREACHABLE_CODE = YES;
				CLANG_WARN__DUPLICATE_METHOD_MATCH = YES;
				COPY_PHASE_STRIP = NO;
				DEBUG_INFORMATION_FORMAT = "dwarf-with-dsym";
				ENABLE_NS_ASSERTIONS = NO;
				ENABLE_STRICT_OBJC_MSGSEND = YES;
				ENABLE_USER_SCRIPT_SANDBOXING = YES;
				GCC_C_LANGUAGE_STANDARD = gnu17;
				GCC_NO_COMMON_BLOCKS = YES;
				GCC_WARN_64_TO_32_BIT_CONVERSION = YES;
				GCC_WARN_ABOUT_RETURN_TYPE = YES_ERROR;
				GCC_WARN_UNDECLARED_SELECTOR = YES;
				GCC_WARN_UNINITIALIZED_AUTOS = YES_AGGRESSIVE;
				GCC_WARN_UNUSED_FUNCTION = YES;
				GCC_WARN_UNUSED_VARIABLE = YES;
				IPHONEOS_DEPLOYMENT_TARGET = 17.2;
				LOCALIZATION_PREFERS_STRING_CATALOGS = YES;
				MTL_ENABLE_DEBUG_INFO = NO;
				MTL_FAST_MATH = YES;
				SDKROOT = iphoneos;
				SWIFT_COMPILATION_MODE = wholemodule;
				VALIDATE_PRODUCT = YES;
			};
			name = Release;
		};
		FB942B8F2B5A7B9B004DC167 /* Debug */ = {
			isa = XCBuildConfiguration;
			buildSettings = {
				ASSETCATALOG_COMPILER_APPICON_NAME = AppIcon;
				ASSETCATALOG_COMPILER_GLOBAL_ACCENT_COLOR_NAME = AccentColor;
				CODE_SIGN_STYLE = Automatic;
				CURRENT_PROJECT_VERSION = 1;
				DEVELOPMENT_TEAM = 3494RXTLJP;
				GENERATE_INFOPLIST_FILE = YES;
				INFOPLIST_FILE = MovieSaver/Info.plist;
				INFOPLIST_KEY_UIApplicationSupportsIndirectInputEvents = YES;
				INFOPLIST_KEY_UILaunchStoryboardName = LaunchScreen;
				INFOPLIST_KEY_UISupportedInterfaceOrientations = UIInterfaceOrientationPortrait;
				INFOPLIST_KEY_UISupportedInterfaceOrientations_iPad = "UIInterfaceOrientationLandscapeLeft UIInterfaceOrientationLandscapeRight UIInterfaceOrientationPortrait UIInterfaceOrientationPortraitUpsideDown";
				IPHONEOS_DEPLOYMENT_TARGET = 16.0;
				LD_RUNPATH_SEARCH_PATHS = (
					"$(inherited)",
					"@executable_path/Frameworks",
				);
				MARKETING_VERSION = 1.0;
				PRODUCT_BUNDLE_IDENTIFIER = malyshewandrew.MovieSaver;
				PRODUCT_NAME = "$(TARGET_NAME)";
				SUPPORTED_PLATFORMS = "iphoneos iphonesimulator";
				SUPPORTS_MACCATALYST = NO;
				SUPPORTS_MAC_DESIGNED_FOR_IPHONE_IPAD = NO;
				SWIFT_EMIT_LOC_STRINGS = YES;
				SWIFT_VERSION = 5.0;
				TARGETED_DEVICE_FAMILY = 1;
			};
			name = Debug;
		};
		FB942B902B5A7B9B004DC167 /* Release */ = {
			isa = XCBuildConfiguration;
			buildSettings = {
				ASSETCATALOG_COMPILER_APPICON_NAME = AppIcon;
				ASSETCATALOG_COMPILER_GLOBAL_ACCENT_COLOR_NAME = AccentColor;
				CODE_SIGN_STYLE = Automatic;
				CURRENT_PROJECT_VERSION = 1;
				DEVELOPMENT_TEAM = 3494RXTLJP;
				GENERATE_INFOPLIST_FILE = YES;
				INFOPLIST_FILE = MovieSaver/Info.plist;
				INFOPLIST_KEY_UIApplicationSupportsIndirectInputEvents = YES;
				INFOPLIST_KEY_UILaunchStoryboardName = LaunchScreen;
				INFOPLIST_KEY_UISupportedInterfaceOrientations = UIInterfaceOrientationPortrait;
				INFOPLIST_KEY_UISupportedInterfaceOrientations_iPad = "UIInterfaceOrientationLandscapeLeft UIInterfaceOrientationLandscapeRight UIInterfaceOrientationPortrait UIInterfaceOrientationPortraitUpsideDown";
				IPHONEOS_DEPLOYMENT_TARGET = 16.0;
				LD_RUNPATH_SEARCH_PATHS = (
					"$(inherited)",
					"@executable_path/Frameworks",
				);
				MARKETING_VERSION = 1.0;
				PRODUCT_BUNDLE_IDENTIFIER = malyshewandrew.MovieSaver;
				PRODUCT_NAME = "$(TARGET_NAME)";
				SUPPORTED_PLATFORMS = "iphoneos iphonesimulator";
				SUPPORTS_MACCATALYST = NO;
				SUPPORTS_MAC_DESIGNED_FOR_IPHONE_IPAD = NO;
				SWIFT_EMIT_LOC_STRINGS = YES;
				SWIFT_VERSION = 5.0;
				TARGETED_DEVICE_FAMILY = 1;
			};
			name = Release;
		};
/* End XCBuildConfiguration section */

/* Begin XCConfigurationList section */
		FB942B722B5A7B99004DC167 /* Build configuration list for PBXProject "MovieSaver" */ = {
			isa = XCConfigurationList;
			buildConfigurations = (
				FB942B8C2B5A7B9B004DC167 /* Debug */,
				FB942B8D2B5A7B9B004DC167 /* Release */,
			);
			defaultConfigurationIsVisible = 0;
			defaultConfigurationName = Release;
		};
		FB942B8E2B5A7B9B004DC167 /* Build configuration list for PBXNativeTarget "MovieSaver" */ = {
			isa = XCConfigurationList;
			buildConfigurations = (
				FB942B8F2B5A7B9B004DC167 /* Debug */,
				FB942B902B5A7B9B004DC167 /* Release */,
			);
			defaultConfigurationIsVisible = 0;
			defaultConfigurationName = Release;
		};
/* End XCConfigurationList section */

/* Begin XCVersionGroup section */
		FB942B832B5A7B99004DC167 /* MovieSaver.xcdatamodeld */ = {
			isa = XCVersionGroup;
			children = (
				FB942B842B5A7B99004DC167 /* MovieSaver.xcdatamodel */,
			);
			currentVersion = FB942B842B5A7B99004DC167 /* MovieSaver.xcdatamodel */;
			path = MovieSaver.xcdatamodeld;
			sourceTree = "<group>";
			versionGroupType = wrapper.xcdatamodel;
		};
/* End XCVersionGroup section */
	};
	rootObject = FB942B6F2B5A7B99004DC167 /* Project object */;
}
